{
  "name": "HRMS-Team-C",
  "lockfileVersion": 3,
  "requires": true,
  "packages": {
    "": {
      "dependencies": {
        "paytmchecksum": "^1.5.1"
      }
    },
    "node_modules/paytmchecksum": {
      "version": "1.5.1",
      "resolved": "https://registry.npmjs.org/paytmchecksum/-/paytmchecksum-1.5.1.tgz",
      "integrity": "sha512-RnimtEcnP3b7FiakPYkyO416UubaUflG5e2HlM2UYhryZ9wXwoRZ5k8XEK4wxaK+d7qIzWDMFUo1LICgaU+J0A=="
    }
  }
}
